
Microsoft Visual Studio Solution File, Format Version 12.00
# Visual Studio Version 16
VisualStudioVersion = 16.0.30611.23
MinimumVisualStudioVersion = 10.0.40219.1
Project("{FAE04EC0-301F-11D3-BF4B-00C04F79EFBC}") = "ArqueStructuresTools", "ArqueStructuresTools\ArqueStructuresTools.csproj", "{78CB926C-5EF7-48B2-8CD1-CE0C8C81480C}"
EndProject
Project("{FAE04EC0-301F-11D3-BF4B-00C04F79EFBC}") = "WarehouseLib", "WarehouseLib\WarehouseLib.csproj", "{AF74EAD0-03EB-433F-BA45-41BE96CD954B}"
EndProject
Global
	GlobalSection(SolutionConfigurationPlatforms) = preSolution
		Debug|Any CPU = Debug|Any CPU
		Release|Any CPU = Release|Any CPU
	EndGlobalSection
	GlobalSection(ProjectConfigurationPlatforms) = postSolution
		{78CB926C-5EF7-48B2-8CD1-CE0C8C81480C}.Debug|Any CPU.ActiveCfg = Debug|Any CPU
		{78CB926C-5EF7-48B2-8CD1-CE0C8C81480C}.Debug|Any CPU.Build.0 = Debug|Any CPU
		{78CB926C-5EF7-48B2-8CD1-CE0C8C81480C}.Release|Any CPU.ActiveCfg = Release|Any CPU
		{78CB926C-5EF7-48B2-8CD1-CE0C8C81480C}.Release|Any CPU.Build.0 = Release|Any CPU
		{AF74EAD0-03EB-433F-BA45-41BE96CD954B}.Debug|Any CPU.ActiveCfg = Debug|Any CPU
		{AF74EAD0-03EB-433F-BA45-41BE96CD954B}.Debug|Any CPU.Build.0 = Debug|Any CPU
		{AF74EAD0-03EB-433F-BA45-41BE96CD954B}.Release|Any CPU.ActiveCfg = Release|Any CPU
		{AF74EAD0-03EB-433F-BA45-41BE96CD954B}.Release|Any CPU.Build.0 = Release|Any CPU
	EndGlobalSection
	GlobalSection(SolutionProperties) = preSolution
		HideSolutionNode = FALSE
	EndGlobalSection
	GlobalSection(ExtensibilityGlobals) = postSolution
		SolutionGuid = {C642E332-9F1F-47B3-B295-8B418DE14215}
	EndGlobalSection
EndGlobal
